
Microsoft Visual Studio Solution File, Format Version 12.00
# Visual Studio Version 16
VisualStudioVersion = 16.0.29519.181
MinimumVisualStudioVersion = 10.0.40219.1
Project("{9A19103F-16F7-4668-BE54-9A1E7A4F7556}") = "PrintMersion_Core_Bot_System", "PrintMersion Core Bot System\PrintMersion_Core_Bot_System\PrintMersion_Core_Bot_System.csproj", "{C8F2997D-6C26-4929-944D-11C0F37B497A}"
EndProject
Project("{9A19103F-16F7-4668-BE54-9A1E7A4F7556}") = "PrintMersion_Core_Bot_System.Tests", "PrintMersion Core Bot System\PrintMersion_Core_Bot_System.Tests\PrintMersion_Core_Bot_System.Tests.csproj", "{B9230B6D-1220-4675-8EC6-A57E2F22FFE0}"
EndProject
Project("{FAE04EC0-301F-11D3-BF4B-00C04F79EFBC}") = "PrintMersion Manager UWP", "PrintMersion Manager UWP\PrintMersion Manager UWP.csproj", "{4197FD3E-55A4-4C14-8458-BCE21D23E57D}"
EndProject
Project("{FAE04EC0-301F-11D3-BF4B-00C04F79EFBC}") = "PrintMersion_Manager_UWP.Tests", "PrintMersion_Manager_UWP\PrintMersion_Manager_UWP.Tests.csproj", "{BF48FC48-95F0-4E00-AC48-E07C0C34DE45}"
EndProject
Project("{FAE04EC0-301F-11D3-BF4B-00C04F79EFBC}") = "PrintMersion Android", "PrintMersion Android\PrintMersion Android.csproj", "{4AF10971-2A54-4E6F-8F55-EEC5D2C5AB05}"
EndProject
Project("{9A19103F-16F7-4668-BE54-9A1E7A4F7556}") = "PrintMersion Web System", "PrintMersion Web System\PrintMersion Web System.csproj", "{1D8BDB54-E372-4097-A5F3-26860828EAF3}"
EndProject
Project("{9A19103F-16F7-4668-BE54-9A1E7A4F7556}") = "PrintMersion_Models", "Models\PrintMersion_Models.csproj", "{B94A858E-CF5E-4631-ACB2-2A7517A8D7D5}"
EndProject
Project("{9A19103F-16F7-4668-BE54-9A1E7A4F7556}") = "PrintMersion.Api", "PrintMersionAPIRest\PrintMersion.Api.csproj", "{7579B080-FF24-4B71-98B5-DBD26D85A744}"
EndProject
Project("{FAE04EC0-301F-11D3-BF4B-00C04F79EFBC}") = "PrintMersion.Core", "PrintMersion.Core\PrintMersion.Core.csproj", "{23D44889-46E4-480D-89D5-EB28A35ABF47}"
EndProject
Project("{FAE04EC0-301F-11D3-BF4B-00C04F79EFBC}") = "PrintMersion.Infrastructure", "PrintMersion.Infrastructure\PrintMersion.Infrastructure.csproj", "{6825FA8D-542E-48FA-82F0-B9D355A6ED8F}"
EndProject
Project("{2150E333-8FDC-42A3-9474-1A3956D46DE8}") = "Tests", "Tests", "{4009BA32-CA1B-45B5-A973-5AECD6DF3618}"
EndProject
Project("{FAE04EC0-301F-11D3-BF4B-00C04F79EFBC}") = "PrintMersion.UnitTest", "PrintMersion.UnitTest\PrintMersion.UnitTest.csproj", "{9D186670-34D1-4FF7-AFC0-FFE19976D0C3}"
EndProject
Project("{FAE04EC0-301F-11D3-BF4B-00C04F79EFBC}") = "PrintMersion.IntegrationTests", "PrintMersion.IntegrationTests\PrintMersion.IntegrationTests.csproj", "{4EEE15EC-3EAA-41ED-9208-4CA4F3E63D08}"
EndProject
Project("{2150E333-8FDC-42A3-9474-1A3956D46DE8}") = "PrintMersion Api Proyect", "PrintMersion Api Proyect", "{2F2ED161-91DF-4CF1-9081-01A8248F2E15}"
EndProject
Global
	GlobalSection(SolutionConfigurationPlatforms) = preSolution
		Debug|Any CPU = Debug|Any CPU
		Debug|ARM = Debug|ARM
		Debug|ARM64 = Debug|ARM64
		Debug|x64 = Debug|x64
		Debug|x86 = Debug|x86
		Release|Any CPU = Release|Any CPU
		Release|ARM = Release|ARM
		Release|ARM64 = Release|ARM64
		Release|x64 = Release|x64
		Release|x86 = Release|x86
	EndGlobalSection
	GlobalSection(ProjectConfigurationPlatforms) = postSolution
		{C8F2997D-6C26-4929-944D-11C0F37B497A}.Debug|Any CPU.ActiveCfg = Debug|Any CPU
		{C8F2997D-6C26-4929-944D-11C0F37B497A}.Debug|Any CPU.Build.0 = Debug|Any CPU
		{C8F2997D-6C26-4929-944D-11C0F37B497A}.Debug|ARM.ActiveCfg = Debug|Any CPU
		{C8F2997D-6C26-4929-944D-11C0F37B497A}.Debug|ARM.Build.0 = Debug|Any CPU
		{C8F2997D-6C26-4929-944D-11C0F37B497A}.Debug|ARM64.ActiveCfg = Debug|Any CPU
		{C8F2997D-6C26-4929-944D-11C0F37B497A}.Debug|ARM64.Build.0 = Debug|Any CPU
		{C8F2997D-6C26-4929-944D-11C0F37B497A}.Debug|x64.ActiveCfg = Debug|Any CPU
		{C8F2997D-6C26-4929-944D-11C0F37B497A}.Debug|x64.Build.0 = Debug|Any CPU
		{C8F2997D-6C26-4929-944D-11C0F37B497A}.Debug|x86.ActiveCfg = Debug|Any CPU
		{C8F2997D-6C26-4929-944D-11C0F37B497A}.Debug|x86.Build.0 = Debug|Any CPU
		{C8F2997D-6C26-4929-944D-11C0F37B497A}.Release|Any CPU.ActiveCfg = Release|Any CPU
		{C8F2997D-6C26-4929-944D-11C0F37B497A}.Release|Any CPU.Build.0 = Release|Any CPU
		{C8F2997D-6C26-4929-944D-11C0F37B497A}.Release|ARM.ActiveCfg = Release|Any CPU
		{C8F2997D-6C26-4929-944D-11C0F37B497A}.Release|ARM.Build.0 = Release|Any CPU
		{C8F2997D-6C26-4929-944D-11C0F37B497A}.Release|ARM64.ActiveCfg = Release|Any CPU
		{C8F2997D-6C26-4929-944D-11C0F37B497A}.Release|ARM64.Build.0 = Release|Any CPU
		{C8F2997D-6C26-4929-944D-11C0F37B497A}.Release|x64.ActiveCfg = Release|Any CPU
		{C8F2997D-6C26-4929-944D-11C0F37B497A}.Release|x64.Build.0 = Release|Any CPU
		{C8F2997D-6C26-4929-944D-11C0F37B497A}.Release|x86.ActiveCfg = Release|Any CPU
		{C8F2997D-6C26-4929-944D-11C0F37B497A}.Release|x86.Build.0 = Release|Any CPU
		{B9230B6D-1220-4675-8EC6-A57E2F22FFE0}.Debug|Any CPU.ActiveCfg = Debug|Any CPU
		{B9230B6D-1220-4675-8EC6-A57E2F22FFE0}.Debug|Any CPU.Build.0 = Debug|Any CPU
		{B9230B6D-1220-4675-8EC6-A57E2F22FFE0}.Debug|ARM.ActiveCfg = Debug|Any CPU
		{B9230B6D-1220-4675-8EC6-A57E2F22FFE0}.Debug|ARM.Build.0 = Debug|Any CPU
		{B9230B6D-1220-4675-8EC6-A57E2F22FFE0}.Debug|ARM64.ActiveCfg = Debug|Any CPU
		{B9230B6D-1220-4675-8EC6-A57E2F22FFE0}.Debug|ARM64.Build.0 = Debug|Any CPU
		{B9230B6D-1220-4675-8EC6-A57E2F22FFE0}.Debug|x64.ActiveCfg = Debug|Any CPU
		{B9230B6D-1220-4675-8EC6-A57E2F22FFE0}.Debug|x64.Build.0 = Debug|Any CPU
		{B9230B6D-1220-4675-8EC6-A57E2F22FFE0}.Debug|x86.ActiveCfg = Debug|Any CPU
		{B9230B6D-1220-4675-8EC6-A57E2F22FFE0}.Debug|x86.Build.0 = Debug|Any CPU
		{B9230B6D-1220-4675-8EC6-A57E2F22FFE0}.Release|Any CPU.ActiveCfg = Release|Any CPU
		{B9230B6D-1220-4675-8EC6-A57E2F22FFE0}.Release|Any CPU.Build.0 = Release|Any CPU
		{B9230B6D-1220-4675-8EC6-A57E2F22FFE0}.Release|ARM.ActiveCfg = Release|Any CPU
		{B9230B6D-1220-4675-8EC6-A57E2F22FFE0}.Release|ARM.Build.0 = Release|Any CPU
		{B9230B6D-1220-4675-8EC6-A57E2F22FFE0}.Release|ARM64.ActiveCfg = Release|Any CPU
		{B9230B6D-1220-4675-8EC6-A57E2F22FFE0}.Release|ARM64.Build.0 = Release|Any CPU
		{B9230B6D-1220-4675-8EC6-A57E2F22FFE0}.Release|x64.ActiveCfg = Release|Any CPU
		{B9230B6D-1220-4675-8EC6-A57E2F22FFE0}.Release|x64.Build.0 = Release|Any CPU
		{B9230B6D-1220-4675-8EC6-A57E2F22FFE0}.Release|x86.ActiveCfg = Release|Any CPU
		{B9230B6D-1220-4675-8EC6-A57E2F22FFE0}.Release|x86.Build.0 = Release|Any CPU
		{4197FD3E-55A4-4C14-8458-BCE21D23E57D}.Debug|Any CPU.ActiveCfg = Debug|x86
		{4197FD3E-55A4-4C14-8458-BCE21D23E57D}.Debug|Any CPU.Build.0 = Debug|x86
		{4197FD3E-55A4-4C14-8458-BCE21D23E57D}.Debug|Any CPU.Deploy.0 = Debug|x86
		{4197FD3E-55A4-4C14-8458-BCE21D23E57D}.Debug|ARM.ActiveCfg = Debug|ARM
		{4197FD3E-55A4-4C14-8458-BCE21D23E57D}.Debug|ARM.Build.0 = Debug|ARM
		{4197FD3E-55A4-4C14-8458-BCE21D23E57D}.Debug|ARM.Deploy.0 = Debug|ARM
		{4197FD3E-55A4-4C14-8458-BCE21D23E57D}.Debug|ARM64.ActiveCfg = Debug|ARM64
		{4197FD3E-55A4-4C14-8458-BCE21D23E57D}.Debug|ARM64.Build.0 = Debug|ARM64
		{4197FD3E-55A4-4C14-8458-BCE21D23E57D}.Debug|ARM64.Deploy.0 = Debug|ARM64
		{4197FD3E-55A4-4C14-8458-BCE21D23E57D}.Debug|x64.ActiveCfg = Debug|x64
		{4197FD3E-55A4-4C14-8458-BCE21D23E57D}.Debug|x64.Build.0 = Debug|x64
		{4197FD3E-55A4-4C14-8458-BCE21D23E57D}.Debug|x64.Deploy.0 = Debug|x64
		{4197FD3E-55A4-4C14-8458-BCE21D23E57D}.Debug|x86.ActiveCfg = Debug|x86
		{4197FD3E-55A4-4C14-8458-BCE21D23E57D}.Debug|x86.Build.0 = Debug|x86
		{4197FD3E-55A4-4C14-8458-BCE21D23E57D}.Debug|x86.Deploy.0 = Debug|x86
		{4197FD3E-55A4-4C14-8458-BCE21D23E57D}.Release|Any CPU.ActiveCfg = Release|x86
		{4197FD3E-55A4-4C14-8458-BCE21D23E57D}.Release|ARM.ActiveCfg = Release|ARM
		{4197FD3E-55A4-4C14-8458-BCE21D23E57D}.Release|ARM.Build.0 = Release|ARM
		{4197FD3E-55A4-4C14-8458-BCE21D23E57D}.Release|ARM.Deploy.0 = Release|ARM
		{4197FD3E-55A4-4C14-8458-BCE21D23E57D}.Release|ARM64.ActiveCfg = Release|ARM64
		{4197FD3E-55A4-4C14-8458-BCE21D23E57D}.Release|ARM64.Build.0 = Release|ARM64
		{4197FD3E-55A4-4C14-8458-BCE21D23E57D}.Release|ARM64.Deploy.0 = Release|ARM64
		{4197FD3E-55A4-4C14-8458-BCE21D23E57D}.Release|x64.ActiveCfg = Release|x64
		{4197FD3E-55A4-4C14-8458-BCE21D23E57D}.Release|x64.Build.0 = Release|x64
		{4197FD3E-55A4-4C14-8458-BCE21D23E57D}.Release|x64.Deploy.0 = Release|x64
		{4197FD3E-55A4-4C14-8458-BCE21D23E57D}.Release|x86.ActiveCfg = Release|x86
		{4197FD3E-55A4-4C14-8458-BCE21D23E57D}.Release|x86.Build.0 = Release|x86
		{4197FD3E-55A4-4C14-8458-BCE21D23E57D}.Release|x86.Deploy.0 = Release|x86
		{BF48FC48-95F0-4E00-AC48-E07C0C34DE45}.Debug|Any CPU.ActiveCfg = Debug|x86
		{BF48FC48-95F0-4E00-AC48-E07C0C34DE45}.Debug|Any CPU.Build.0 = Debug|x86
		{BF48FC48-95F0-4E00-AC48-E07C0C34DE45}.Debug|Any CPU.Deploy.0 = Debug|x86
		{BF48FC48-95F0-4E00-AC48-E07C0C34DE45}.Debug|ARM.ActiveCfg = Debug|ARM
		{BF48FC48-95F0-4E00-AC48-E07C0C34DE45}.Debug|ARM.Build.0 = Debug|ARM
		{BF48FC48-95F0-4E00-AC48-E07C0C34DE45}.Debug|ARM.Deploy.0 = Debug|ARM
		{BF48FC48-95F0-4E00-AC48-E07C0C34DE45}.Debug|ARM64.ActiveCfg = Debug|ARM64
		{BF48FC48-95F0-4E00-AC48-E07C0C34DE45}.Debug|ARM64.Build.0 = Debug|ARM64
		{BF48FC48-95F0-4E00-AC48-E07C0C34DE45}.Debug|ARM64.Deploy.0 = Debug|ARM64
		{BF48FC48-95F0-4E00-AC48-E07C0C34DE45}.Debug|x64.ActiveCfg = Debug|x64
		{BF48FC48-95F0-4E00-AC48-E07C0C34DE45}.Debug|x64.Build.0 = Debug|x64
		{BF48FC48-95F0-4E00-AC48-E07C0C34DE45}.Debug|x64.Deploy.0 = Debug|x64
		{BF48FC48-95F0-4E00-AC48-E07C0C34DE45}.Debug|x86.ActiveCfg = Debug|x86
		{BF48FC48-95F0-4E00-AC48-E07C0C34DE45}.Debug|x86.Build.0 = Debug|x86
		{BF48FC48-95F0-4E00-AC48-E07C0C34DE45}.Debug|x86.Deploy.0 = Debug|x86
		{BF48FC48-95F0-4E00-AC48-E07C0C34DE45}.Release|Any CPU.ActiveCfg = Release|x86
		{BF48FC48-95F0-4E00-AC48-E07C0C34DE45}.Release|ARM.ActiveCfg = Release|ARM
		{BF48FC48-95F0-4E00-AC48-E07C0C34DE45}.Release|ARM.Build.0 = Release|ARM
		{BF48FC48-95F0-4E00-AC48-E07C0C34DE45}.Release|ARM.Deploy.0 = Release|ARM
		{BF48FC48-95F0-4E00-AC48-E07C0C34DE45}.Release|ARM64.ActiveCfg = Release|ARM64
		{BF48FC48-95F0-4E00-AC48-E07C0C34DE45}.Release|ARM64.Build.0 = Release|ARM64
		{BF48FC48-95F0-4E00-AC48-E07C0C34DE45}.Release|ARM64.Deploy.0 = Release|ARM64
		{BF48FC48-95F0-4E00-AC48-E07C0C34DE45}.Release|x64.ActiveCfg = Release|x64
		{BF48FC48-95F0-4E00-AC48-E07C0C34DE45}.Release|x64.Build.0 = Release|x64
		{BF48FC48-95F0-4E00-AC48-E07C0C34DE45}.Release|x64.Deploy.0 = Release|x64
		{BF48FC48-95F0-4E00-AC48-E07C0C34DE45}.Release|x86.ActiveCfg = Release|x86
		{BF48FC48-95F0-4E00-AC48-E07C0C34DE45}.Release|x86.Build.0 = Release|x86
		{BF48FC48-95F0-4E00-AC48-E07C0C34DE45}.Release|x86.Deploy.0 = Release|x86
		{4AF10971-2A54-4E6F-8F55-EEC5D2C5AB05}.Debug|Any CPU.ActiveCfg = Debug|Any CPU
		{4AF10971-2A54-4E6F-8F55-EEC5D2C5AB05}.Debug|Any CPU.Build.0 = Debug|Any CPU
		{4AF10971-2A54-4E6F-8F55-EEC5D2C5AB05}.Debug|Any CPU.Deploy.0 = Debug|Any CPU
		{4AF10971-2A54-4E6F-8F55-EEC5D2C5AB05}.Debug|ARM.ActiveCfg = Debug|Any CPU
		{4AF10971-2A54-4E6F-8F55-EEC5D2C5AB05}.Debug|ARM.Build.0 = Debug|Any CPU
		{4AF10971-2A54-4E6F-8F55-EEC5D2C5AB05}.Debug|ARM.Deploy.0 = Debug|Any CPU
		{4AF10971-2A54-4E6F-8F55-EEC5D2C5AB05}.Debug|ARM64.ActiveCfg = Debug|Any CPU
		{4AF10971-2A54-4E6F-8F55-EEC5D2C5AB05}.Debug|ARM64.Build.0 = Debug|Any CPU
		{4AF10971-2A54-4E6F-8F55-EEC5D2C5AB05}.Debug|ARM64.Deploy.0 = Debug|Any CPU
		{4AF10971-2A54-4E6F-8F55-EEC5D2C5AB05}.Debug|x64.ActiveCfg = Debug|Any CPU
		{4AF10971-2A54-4E6F-8F55-EEC5D2C5AB05}.Debug|x64.Build.0 = Debug|Any CPU
		{4AF10971-2A54-4E6F-8F55-EEC5D2C5AB05}.Debug|x64.Deploy.0 = Debug|Any CPU
		{4AF10971-2A54-4E6F-8F55-EEC5D2C5AB05}.Debug|x86.ActiveCfg = Debug|Any CPU
		{4AF10971-2A54-4E6F-8F55-EEC5D2C5AB05}.Debug|x86.Build.0 = Debug|Any CPU
		{4AF10971-2A54-4E6F-8F55-EEC5D2C5AB05}.Debug|x86.Deploy.0 = Debug|Any CPU
		{4AF10971-2A54-4E6F-8F55-EEC5D2C5AB05}.Release|Any CPU.ActiveCfg = Release|Any CPU
		{4AF10971-2A54-4E6F-8F55-EEC5D2C5AB05}.Release|Any CPU.Build.0 = Release|Any CPU
		{4AF10971-2A54-4E6F-8F55-EEC5D2C5AB05}.Release|Any CPU.Deploy.0 = Release|Any CPU
		{4AF10971-2A54-4E6F-8F55-EEC5D2C5AB05}.Release|ARM.ActiveCfg = Release|Any CPU
		{4AF10971-2A54-4E6F-8F55-EEC5D2C5AB05}.Release|ARM.Build.0 = Release|Any CPU
		{4AF10971-2A54-4E6F-8F55-EEC5D2C5AB05}.Release|ARM.Deploy.0 = Release|Any CPU
		{4AF10971-2A54-4E6F-8F55-EEC5D2C5AB05}.Release|ARM64.ActiveCfg = Release|Any CPU
		{4AF10971-2A54-4E6F-8F55-EEC5D2C5AB05}.Release|ARM64.Build.0 = Release|Any CPU
		{4AF10971-2A54-4E6F-8F55-EEC5D2C5AB05}.Release|ARM64.Deploy.0 = Release|Any CPU
		{4AF10971-2A54-4E6F-8F55-EEC5D2C5AB05}.Release|x64.ActiveCfg = Release|Any CPU
		{4AF10971-2A54-4E6F-8F55-EEC5D2C5AB05}.Release|x64.Build.0 = Release|Any CPU
		{4AF10971-2A54-4E6F-8F55-EEC5D2C5AB05}.Release|x64.Deploy.0 = Release|Any CPU
		{4AF10971-2A54-4E6F-8F55-EEC5D2C5AB05}.Release|x86.ActiveCfg = Release|Any CPU
		{4AF10971-2A54-4E6F-8F55-EEC5D2C5AB05}.Release|x86.Build.0 = Release|Any CPU
		{4AF10971-2A54-4E6F-8F55-EEC5D2C5AB05}.Release|x86.Deploy.0 = Release|Any CPU
		{1D8BDB54-E372-4097-A5F3-26860828EAF3}.Debug|Any CPU.ActiveCfg = Debug|Any CPU
		{1D8BDB54-E372-4097-A5F3-26860828EAF3}.Debug|Any CPU.Build.0 = Debug|Any CPU
		{1D8BDB54-E372-4097-A5F3-26860828EAF3}.Debug|ARM.ActiveCfg = Debug|Any CPU
		{1D8BDB54-E372-4097-A5F3-26860828EAF3}.Debug|ARM.Build.0 = Debug|Any CPU
		{1D8BDB54-E372-4097-A5F3-26860828EAF3}.Debug|ARM64.ActiveCfg = Debug|Any CPU
		{1D8BDB54-E372-4097-A5F3-26860828EAF3}.Debug|ARM64.Build.0 = Debug|Any CPU
		{1D8BDB54-E372-4097-A5F3-26860828EAF3}.Debug|x64.ActiveCfg = Debug|Any CPU
		{1D8BDB54-E372-4097-A5F3-26860828EAF3}.Debug|x64.Build.0 = Debug|Any CPU
		{1D8BDB54-E372-4097-A5F3-26860828EAF3}.Debug|x86.ActiveCfg = Debug|Any CPU
		{1D8BDB54-E372-4097-A5F3-26860828EAF3}.Debug|x86.Build.0 = Debug|Any CPU
		{1D8BDB54-E372-4097-A5F3-26860828EAF3}.Release|Any CPU.ActiveCfg = Release|Any CPU
		{1D8BDB54-E372-4097-A5F3-26860828EAF3}.Release|Any CPU.Build.0 = Release|Any CPU
		{1D8BDB54-E372-4097-A5F3-26860828EAF3}.Release|ARM.ActiveCfg = Release|Any CPU
		{1D8BDB54-E372-4097-A5F3-26860828EAF3}.Release|ARM.Build.0 = Release|Any CPU
		{1D8BDB54-E372-4097-A5F3-26860828EAF3}.Release|ARM64.ActiveCfg = Release|Any CPU
		{1D8BDB54-E372-4097-A5F3-26860828EAF3}.Release|ARM64.Build.0 = Release|Any CPU
		{1D8BDB54-E372-4097-A5F3-26860828EAF3}.Release|x64.ActiveCfg = Release|Any CPU
		{1D8BDB54-E372-4097-A5F3-26860828EAF3}.Release|x64.Build.0 = Release|Any CPU
		{1D8BDB54-E372-4097-A5F3-26860828EAF3}.Release|x86.ActiveCfg = Release|Any CPU
		{1D8BDB54-E372-4097-A5F3-26860828EAF3}.Release|x86.Build.0 = Release|Any CPU
		{B94A858E-CF5E-4631-ACB2-2A7517A8D7D5}.Debug|Any CPU.ActiveCfg = Debug|Any CPU
		{B94A858E-CF5E-4631-ACB2-2A7517A8D7D5}.Debug|Any CPU.Build.0 = Debug|Any CPU
		{B94A858E-CF5E-4631-ACB2-2A7517A8D7D5}.Debug|ARM.ActiveCfg = Debug|Any CPU
		{B94A858E-CF5E-4631-ACB2-2A7517A8D7D5}.Debug|ARM.Build.0 = Debug|Any CPU
		{B94A858E-CF5E-4631-ACB2-2A7517A8D7D5}.Debug|ARM64.ActiveCfg = Debug|Any CPU
		{B94A858E-CF5E-4631-ACB2-2A7517A8D7D5}.Debug|ARM64.Build.0 = Debug|Any CPU
		{B94A858E-CF5E-4631-ACB2-2A7517A8D7D5}.Debug|x64.ActiveCfg = Debug|Any CPU
		{B94A858E-CF5E-4631-ACB2-2A7517A8D7D5}.Debug|x64.Build.0 = Debug|Any CPU
		{B94A858E-CF5E-4631-ACB2-2A7517A8D7D5}.Debug|x86.ActiveCfg = Debug|Any CPU
		{B94A858E-CF5E-4631-ACB2-2A7517A8D7D5}.Debug|x86.Build.0 = Debug|Any CPU
		{B94A858E-CF5E-4631-ACB2-2A7517A8D7D5}.Release|Any CPU.ActiveCfg = Release|Any CPU
		{B94A858E-CF5E-4631-ACB2-2A7517A8D7D5}.Release|Any CPU.Build.0 = Release|Any CPU
		{B94A858E-CF5E-4631-ACB2-2A7517A8D7D5}.Release|ARM.ActiveCfg = Release|Any CPU
		{B94A858E-CF5E-4631-ACB2-2A7517A8D7D5}.Release|ARM.Build.0 = Release|Any CPU
		{B94A858E-CF5E-4631-ACB2-2A7517A8D7D5}.Release|ARM64.ActiveCfg = Release|Any CPU
		{B94A858E-CF5E-4631-ACB2-2A7517A8D7D5}.Release|ARM64.Build.0 = Release|Any CPU
		{B94A858E-CF5E-4631-ACB2-2A7517A8D7D5}.Release|x64.ActiveCfg = Release|Any CPU
		{B94A858E-CF5E-4631-ACB2-2A7517A8D7D5}.Release|x64.Build.0 = Release|Any CPU
		{B94A858E-CF5E-4631-ACB2-2A7517A8D7D5}.Release|x86.ActiveCfg = Release|Any CPU
		{B94A858E-CF5E-4631-ACB2-2A7517A8D7D5}.Release|x86.Build.0 = Release|Any CPU
		{7579B080-FF24-4B71-98B5-DBD26D85A744}.Debug|Any CPU.ActiveCfg = Debug|Any CPU
		{7579B080-FF24-4B71-98B5-DBD26D85A744}.Debug|Any CPU.Build.0 = Debug|Any CPU
		{7579B080-FF24-4B71-98B5-DBD26D85A744}.Debug|ARM.ActiveCfg = Debug|Any CPU
		{7579B080-FF24-4B71-98B5-DBD26D85A744}.Debug|ARM.Build.0 = Debug|Any CPU
		{7579B080-FF24-4B71-98B5-DBD26D85A744}.Debug|ARM64.ActiveCfg = Debug|Any CPU
		{7579B080-FF24-4B71-98B5-DBD26D85A744}.Debug|ARM64.Build.0 = Debug|Any CPU
		{7579B080-FF24-4B71-98B5-DBD26D85A744}.Debug|x64.ActiveCfg = Debug|Any CPU
		{7579B080-FF24-4B71-98B5-DBD26D85A744}.Debug|x64.Build.0 = Debug|Any CPU
		{7579B080-FF24-4B71-98B5-DBD26D85A744}.Debug|x86.ActiveCfg = Debug|Any CPU
		{7579B080-FF24-4B71-98B5-DBD26D85A744}.Debug|x86.Build.0 = Debug|Any CPU
		{7579B080-FF24-4B71-98B5-DBD26D85A744}.Release|Any CPU.ActiveCfg = Release|Any CPU
		{7579B080-FF24-4B71-98B5-DBD26D85A744}.Release|Any CPU.Build.0 = Release|Any CPU
		{7579B080-FF24-4B71-98B5-DBD26D85A744}.Release|ARM.ActiveCfg = Release|Any CPU
		{7579B080-FF24-4B71-98B5-DBD26D85A744}.Release|ARM.Build.0 = Release|Any CPU
		{7579B080-FF24-4B71-98B5-DBD26D85A744}.Release|ARM64.ActiveCfg = Release|Any CPU
		{7579B080-FF24-4B71-98B5-DBD26D85A744}.Release|ARM64.Build.0 = Release|Any CPU
		{7579B080-FF24-4B71-98B5-DBD26D85A744}.Release|x64.ActiveCfg = Release|Any CPU
		{7579B080-FF24-4B71-98B5-DBD26D85A744}.Release|x64.Build.0 = Release|Any CPU
		{7579B080-FF24-4B71-98B5-DBD26D85A744}.Release|x86.ActiveCfg = Release|Any CPU
		{7579B080-FF24-4B71-98B5-DBD26D85A744}.Release|x86.Build.0 = Release|Any CPU
		{23D44889-46E4-480D-89D5-EB28A35ABF47}.Debug|Any CPU.ActiveCfg = Debug|Any CPU
		{23D44889-46E4-480D-89D5-EB28A35ABF47}.Debug|Any CPU.Build.0 = Debug|Any CPU
		{23D44889-46E4-480D-89D5-EB28A35ABF47}.Debug|ARM.ActiveCfg = Debug|Any CPU
		{23D44889-46E4-480D-89D5-EB28A35ABF47}.Debug|ARM.Build.0 = Debug|Any CPU
		{23D44889-46E4-480D-89D5-EB28A35ABF47}.Debug|ARM64.ActiveCfg = Debug|Any CPU
		{23D44889-46E4-480D-89D5-EB28A35ABF47}.Debug|ARM64.Build.0 = Debug|Any CPU
		{23D44889-46E4-480D-89D5-EB28A35ABF47}.Debug|x64.ActiveCfg = Debug|Any CPU
		{23D44889-46E4-480D-89D5-EB28A35ABF47}.Debug|x64.Build.0 = Debug|Any CPU
		{23D44889-46E4-480D-89D5-EB28A35ABF47}.Debug|x86.ActiveCfg = Debug|Any CPU
		{23D44889-46E4-480D-89D5-EB28A35ABF47}.Debug|x86.Build.0 = Debug|Any CPU
		{23D44889-46E4-480D-89D5-EB28A35ABF47}.Release|Any CPU.ActiveCfg = Release|Any CPU
		{23D44889-46E4-480D-89D5-EB28A35ABF47}.Release|Any CPU.Build.0 = Release|Any CPU
		{23D44889-46E4-480D-89D5-EB28A35ABF47}.Release|ARM.ActiveCfg = Release|Any CPU
		{23D44889-46E4-480D-89D5-EB28A35ABF47}.Release|ARM.Build.0 = Release|Any CPU
		{23D44889-46E4-480D-89D5-EB28A35ABF47}.Release|ARM64.ActiveCfg = Release|Any CPU
		{23D44889-46E4-480D-89D5-EB28A35ABF47}.Release|ARM64.Build.0 = Release|Any CPU
		{23D44889-46E4-480D-89D5-EB28A35ABF47}.Release|x64.ActiveCfg = Release|Any CPU
		{23D44889-46E4-480D-89D5-EB28A35ABF47}.Release|x64.Build.0 = Release|Any CPU
		{23D44889-46E4-480D-89D5-EB28A35ABF47}.Release|x86.ActiveCfg = Release|Any CPU
		{23D44889-46E4-480D-89D5-EB28A35ABF47}.Release|x86.Build.0 = Release|Any CPU
		{6825FA8D-542E-48FA-82F0-B9D355A6ED8F}.Debug|Any CPU.ActiveCfg = Debug|Any CPU
		{6825FA8D-542E-48FA-82F0-B9D355A6ED8F}.Debug|Any CPU.Build.0 = Debug|Any CPU
		{6825FA8D-542E-48FA-82F0-B9D355A6ED8F}.Debug|ARM.ActiveCfg = Debug|Any CPU
		{6825FA8D-542E-48FA-82F0-B9D355A6ED8F}.Debug|ARM.Build.0 = Debug|Any CPU
		{6825FA8D-542E-48FA-82F0-B9D355A6ED8F}.Debug|ARM64.ActiveCfg = Debug|Any CPU
		{6825FA8D-542E-48FA-82F0-B9D355A6ED8F}.Debug|ARM64.Build.0 = Debug|Any CPU
		{6825FA8D-542E-48FA-82F0-B9D355A6ED8F}.Debug|x64.ActiveCfg = Debug|Any CPU
		{6825FA8D-542E-48FA-82F0-B9D355A6ED8F}.Debug|x64.Build.0 = Debug|Any CPU
		{6825FA8D-542E-48FA-82F0-B9D355A6ED8F}.Debug|x86.ActiveCfg = Debug|Any CPU
		{6825FA8D-542E-48FA-82F0-B9D355A6ED8F}.Debug|x86.Build.0 = Debug|Any CPU
		{6825FA8D-542E-48FA-82F0-B9D355A6ED8F}.Release|Any CPU.ActiveCfg = Release|Any CPU
		{6825FA8D-542E-48FA-82F0-B9D355A6ED8F}.Release|Any CPU.Build.0 = Release|Any CPU
		{6825FA8D-542E-48FA-82F0-B9D355A6ED8F}.Release|ARM.ActiveCfg = Release|Any CPU
		{6825FA8D-542E-48FA-82F0-B9D355A6ED8F}.Release|ARM.Build.0 = Release|Any CPU
		{6825FA8D-542E-48FA-82F0-B9D355A6ED8F}.Release|ARM64.ActiveCfg = Release|Any CPU
		{6825FA8D-542E-48FA-82F0-B9D355A6ED8F}.Release|ARM64.Build.0 = Release|Any CPU
		{6825FA8D-542E-48FA-82F0-B9D355A6ED8F}.Release|x64.ActiveCfg = Release|Any CPU
		{6825FA8D-542E-48FA-82F0-B9D355A6ED8F}.Release|x64.Build.0 = Release|Any CPU
		{6825FA8D-542E-48FA-82F0-B9D355A6ED8F}.Release|x86.ActiveCfg = Release|Any CPU
		{6825FA8D-542E-48FA-82F0-B9D355A6ED8F}.Release|x86.Build.0 = Release|Any CPU
		{9D186670-34D1-4FF7-AFC0-FFE19976D0C3}.Debug|Any CPU.ActiveCfg = Debug|Any CPU
		{9D186670-34D1-4FF7-AFC0-FFE19976D0C3}.Debug|Any CPU.Build.0 = Debug|Any CPU
		{9D186670-34D1-4FF7-AFC0-FFE19976D0C3}.Debug|ARM.ActiveCfg = Debug|Any CPU
		{9D186670-34D1-4FF7-AFC0-FFE19976D0C3}.Debug|ARM.Build.0 = Debug|Any CPU
		{9D186670-34D1-4FF7-AFC0-FFE19976D0C3}.Debug|ARM64.ActiveCfg = Debug|Any CPU
		{9D186670-34D1-4FF7-AFC0-FFE19976D0C3}.Debug|ARM64.Build.0 = Debug|Any CPU
		{9D186670-34D1-4FF7-AFC0-FFE19976D0C3}.Debug|x64.ActiveCfg = Debug|Any CPU
		{9D186670-34D1-4FF7-AFC0-FFE19976D0C3}.Debug|x64.Build.0 = Debug|Any CPU
		{9D186670-34D1-4FF7-AFC0-FFE19976D0C3}.Debug|x86.ActiveCfg = Debug|Any CPU
		{9D186670-34D1-4FF7-AFC0-FFE19976D0C3}.Debug|x86.Build.0 = Debug|Any CPU
		{9D186670-34D1-4FF7-AFC0-FFE19976D0C3}.Release|Any CPU.ActiveCfg = Release|Any CPU
		{9D186670-34D1-4FF7-AFC0-FFE19976D0C3}.Release|Any CPU.Build.0 = Release|Any CPU
		{9D186670-34D1-4FF7-AFC0-FFE19976D0C3}.Release|ARM.ActiveCfg = Release|Any CPU
		{9D186670-34D1-4FF7-AFC0-FFE19976D0C3}.Release|ARM.Build.0 = Release|Any CPU
		{9D186670-34D1-4FF7-AFC0-FFE19976D0C3}.Release|ARM64.ActiveCfg = Release|Any CPU
		{9D186670-34D1-4FF7-AFC0-FFE19976D0C3}.Release|ARM64.Build.0 = Release|Any CPU
		{9D186670-34D1-4FF7-AFC0-FFE19976D0C3}.Release|x64.ActiveCfg = Release|Any CPU
		{9D186670-34D1-4FF7-AFC0-FFE19976D0C3}.Release|x64.Build.0 = Release|Any CPU
		{9D186670-34D1-4FF7-AFC0-FFE19976D0C3}.Release|x86.ActiveCfg = Release|Any CPU
		{9D186670-34D1-4FF7-AFC0-FFE19976D0C3}.Release|x86.Build.0 = Release|Any CPU
		{4EEE15EC-3EAA-41ED-9208-4CA4F3E63D08}.Debug|Any CPU.ActiveCfg = Debug|Any CPU
		{4EEE15EC-3EAA-41ED-9208-4CA4F3E63D08}.Debug|Any CPU.Build.0 = Debug|Any CPU
		{4EEE15EC-3EAA-41ED-9208-4CA4F3E63D08}.Debug|ARM.ActiveCfg = Debug|Any CPU
		{4EEE15EC-3EAA-41ED-9208-4CA4F3E63D08}.Debug|ARM.Build.0 = Debug|Any CPU
		{4EEE15EC-3EAA-41ED-9208-4CA4F3E63D08}.Debug|ARM64.ActiveCfg = Debug|Any CPU
		{4EEE15EC-3EAA-41ED-9208-4CA4F3E63D08}.Debug|ARM64.Build.0 = Debug|Any CPU
		{4EEE15EC-3EAA-41ED-9208-4CA4F3E63D08}.Debug|x64.ActiveCfg = Debug|Any CPU
		{4EEE15EC-3EAA-41ED-9208-4CA4F3E63D08}.Debug|x64.Build.0 = Debug|Any CPU
		{4EEE15EC-3EAA-41ED-9208-4CA4F3E63D08}.Debug|x86.ActiveCfg = Debug|Any CPU
		{4EEE15EC-3EAA-41ED-9208-4CA4F3E63D08}.Debug|x86.Build.0 = Debug|Any CPU
		{4EEE15EC-3EAA-41ED-9208-4CA4F3E63D08}.Release|Any CPU.ActiveCfg = Release|Any CPU
		{4EEE15EC-3EAA-41ED-9208-4CA4F3E63D08}.Release|Any CPU.Build.0 = Release|Any CPU
		{4EEE15EC-3EAA-41ED-9208-4CA4F3E63D08}.Release|ARM.ActiveCfg = Release|Any CPU
		{4EEE15EC-3EAA-41ED-9208-4CA4F3E63D08}.Release|ARM.Build.0 = Release|Any CPU
		{4EEE15EC-3EAA-41ED-9208-4CA4F3E63D08}.Release|ARM64.ActiveCfg = Release|Any CPU
		{4EEE15EC-3EAA-41ED-9208-4CA4F3E63D08}.Release|ARM64.Build.0 = Release|Any CPU
		{4EEE15EC-3EAA-41ED-9208-4CA4F3E63D08}.Release|x64.ActiveCfg = Release|Any CPU
		{4EEE15EC-3EAA-41ED-9208-4CA4F3E63D08}.Release|x64.Build.0 = Release|Any CPU
		{4EEE15EC-3EAA-41ED-9208-4CA4F3E63D08}.Release|x86.ActiveCfg = Release|Any CPU
		{4EEE15EC-3EAA-41ED-9208-4CA4F3E63D08}.Release|x86.Build.0 = Release|Any CPU
	EndGlobalSection
	GlobalSection(SolutionProperties) = preSolution
		HideSolutionNode = FALSE
	EndGlobalSection
	GlobalSection(NestedProjects) = preSolution
		{B9230B6D-1220-4675-8EC6-A57E2F22FFE0} = {4009BA32-CA1B-45B5-A973-5AECD6DF3618}
		{BF48FC48-95F0-4E00-AC48-E07C0C34DE45} = {4009BA32-CA1B-45B5-A973-5AECD6DF3618}
		{7579B080-FF24-4B71-98B5-DBD26D85A744} = {2F2ED161-91DF-4CF1-9081-01A8248F2E15}
		{23D44889-46E4-480D-89D5-EB28A35ABF47} = {2F2ED161-91DF-4CF1-9081-01A8248F2E15}
		{6825FA8D-542E-48FA-82F0-B9D355A6ED8F} = {2F2ED161-91DF-4CF1-9081-01A8248F2E15}
		{9D186670-34D1-4FF7-AFC0-FFE19976D0C3} = {4009BA32-CA1B-45B5-A973-5AECD6DF3618}
		{4EEE15EC-3EAA-41ED-9208-4CA4F3E63D08} = {4009BA32-CA1B-45B5-A973-5AECD6DF3618}
	EndGlobalSection
	GlobalSection(ExtensibilityGlobals) = postSolution
		SolutionGuid = {ED85B98C-7181-4E40-A285-17E749B849B5}
	EndGlobalSection
EndGlobal
